
Microsoft Visual Studio Solution File, Format Version 12.00
# Visual Studio 15
VisualStudioVersion = 15.0.28010.2019
MinimumVisualStudioVersion = 10.0.40219.1
Project("{9A19103F-16F7-4668-BE54-9A1E7A4F7556}") = "TOT.Interfaces", "TOT.Interfaces\TOT.Interfaces.csproj", "{ED32BF12-10DC-4818-A5BC-3BEA9536C09A}"
EndProject
Project("{9A19103F-16F7-4668-BE54-9A1E7A4F7556}") = "TOT.Entities", "TOT.Entities\TOT.Entities.csproj", "{21507F59-8B1B-427B-94A4-EC385562D105}"
EndProject
Project("{9A19103F-16F7-4668-BE54-9A1E7A4F7556}") = "TOT.Data", "TOT.Data\TOT.Data.csproj", "{19811A06-69B0-446A-9D01-A094DD8BB2C0}"
EndProject
Project("{FAE04EC0-301F-11D3-BF4B-00C04F79EFBC}") = "TOT.Web", "TOT.Web\TOT.Web.csproj", "{38230534-1D02-4D41-8C8C-007F61119156}"
EndProject
Global
	GlobalSection(SolutionConfigurationPlatforms) = preSolution
		Debug|Any CPU = Debug|Any CPU
		Release|Any CPU = Release|Any CPU
	EndGlobalSection
	GlobalSection(ProjectConfigurationPlatforms) = postSolution
		{ED32BF12-10DC-4818-A5BC-3BEA9536C09A}.Debug|Any CPU.ActiveCfg = Debug|Any CPU
		{ED32BF12-10DC-4818-A5BC-3BEA9536C09A}.Debug|Any CPU.Build.0 = Debug|Any CPU
		{ED32BF12-10DC-4818-A5BC-3BEA9536C09A}.Release|Any CPU.ActiveCfg = Release|Any CPU
		{ED32BF12-10DC-4818-A5BC-3BEA9536C09A}.Release|Any CPU.Build.0 = Release|Any CPU
		{21507F59-8B1B-427B-94A4-EC385562D105}.Debug|Any CPU.ActiveCfg = Debug|Any CPU
		{21507F59-8B1B-427B-94A4-EC385562D105}.Debug|Any CPU.Build.0 = Debug|Any CPU
		{21507F59-8B1B-427B-94A4-EC385562D105}.Release|Any CPU.ActiveCfg = Release|Any CPU
		{21507F59-8B1B-427B-94A4-EC385562D105}.Release|Any CPU.Build.0 = Release|Any CPU
		{19811A06-69B0-446A-9D01-A094DD8BB2C0}.Debug|Any CPU.ActiveCfg = Debug|Any CPU
		{19811A06-69B0-446A-9D01-A094DD8BB2C0}.Debug|Any CPU.Build.0 = Debug|Any CPU
		{19811A06-69B0-446A-9D01-A094DD8BB2C0}.Release|Any CPU.ActiveCfg = Release|Any CPU
		{19811A06-69B0-446A-9D01-A094DD8BB2C0}.Release|Any CPU.Build.0 = Release|Any CPU
		{38230534-1D02-4D41-8C8C-007F61119156}.Debug|Any CPU.ActiveCfg = Debug|Any CPU
		{38230534-1D02-4D41-8C8C-007F61119156}.Debug|Any CPU.Build.0 = Debug|Any CPU
		{38230534-1D02-4D41-8C8C-007F61119156}.Release|Any CPU.ActiveCfg = Release|Any CPU
		{38230534-1D02-4D41-8C8C-007F61119156}.Release|Any CPU.Build.0 = Release|Any CPU
	EndGlobalSection
	GlobalSection(SolutionProperties) = preSolution
		HideSolutionNode = FALSE
	EndGlobalSection
	GlobalSection(ExtensibilityGlobals) = postSolution
		SolutionGuid = {C5B85379-7275-4226-B5BF-651E7E80E14C}
	EndGlobalSection
EndGlobal
